
Microsoft Visual Studio Solution File, Format Version 12.00
# Visual Studio 2015
Project("{FAE04EC0-301F-11D3-BF4B-00C04F79EFBC}") = "Framework_UI.CSharp", "Framework_UI.CSharp.csproj", "{2CCA7081-B9D1-DE82-8514-B942BA1FDADC}"
EndProject
Global
	GlobalSection(SolutionConfigurationPlatforms) = preSolution
		Debug|Any CPU = Debug|Any CPU
		Release|Any CPU = Release|Any CPU
	EndGlobalSection
	GlobalSection(ProjectConfigurationPlatforms) = postSolution
		{2CCA7081-B9D1-DE82-8514-B942BA1FDADC}.Debug|Any CPU.ActiveCfg = Debug|Any CPU
		{2CCA7081-B9D1-DE82-8514-B942BA1FDADC}.Debug|Any CPU.Build.0 = Debug|Any CPU
		{2CCA7081-B9D1-DE82-8514-B942BA1FDADC}.Release|Any CPU.ActiveCfg = Release|Any CPU
		{2CCA7081-B9D1-DE82-8514-B942BA1FDADC}.Release|Any CPU.Build.0 = Release|Any CPU
	EndGlobalSection
	GlobalSection(SolutionProperties) = preSolution
		HideSolutionNode = FALSE
	EndGlobalSection
EndGlobal
